
Microsoft Visual Studio Solution File, Format Version 12.00
# Visual Studio Version 17
VisualStudioVersion = 17.5.33502.453
MinimumVisualStudioVersion = 10.0.40219.1
Project("{FAE04EC0-301F-11D3-BF4B-00C04F79EFBC}") = "DoAn2", "DoAn2\DoAn2.csproj", "{BB9E3244-04A8-4BFE-AE60-60B9D1A1CCB8}"
EndProject
Global
	GlobalSection(SolutionConfigurationPlatforms) = preSolution
		Debug|Any CPU = Debug|Any CPU
		Release|Any CPU = Release|Any CPU
	EndGlobalSection
	GlobalSection(ProjectConfigurationPlatforms) = postSolution
		{BB9E3244-04A8-4BFE-AE60-60B9D1A1CCB8}.Debug|Any CPU.ActiveCfg = Debug|Any CPU
		{BB9E3244-04A8-4BFE-AE60-60B9D1A1CCB8}.Debug|Any CPU.Build.0 = Debug|Any CPU
		{BB9E3244-04A8-4BFE-AE60-60B9D1A1CCB8}.Release|Any CPU.ActiveCfg = Release|Any CPU
		{BB9E3244-04A8-4BFE-AE60-60B9D1A1CCB8}.Release|Any CPU.Build.0 = Release|Any CPU
	EndGlobalSection
	GlobalSection(SolutionProperties) = preSolution
		HideSolutionNode = FALSE
	EndGlobalSection
	GlobalSection(ExtensibilityGlobals) = postSolution
		SolutionGuid = {D63EBCB1-F97C-4836-BE15-AB649908A577}
	EndGlobalSection
EndGlobal
